
Microsoft Visual Studio Solution File, Format Version 12.00
# Visual Studio Version 17
VisualStudioVersion = 17.0.31903.59
MinimumVisualStudioVersion = 10.0.40219.1
Project("{9A19103F-16F7-4668-BE54-9A1E7A4F7556}") = "TransportSolution.Domain", "TransportSolution.Domain\TransportSolution.Domain.csproj", "{EEF85A3D-287D-4900-8AF9-50EAE5051843}"
EndProject
Project("{9A19103F-16F7-4668-BE54-9A1E7A4F7556}") = "TransportSolution.Application", "TransportSolution.Application\TransportSolution.Application.csproj", "{3F01615A-9011-4BC9-A55D-9F1A229B3421}"
EndProject
Project("{9A19103F-16F7-4668-BE54-9A1E7A4F7556}") = "TransportSolution.Infrastructure", "TransportSolution.Infrastructure\TransportSolution.Infrastructure.csproj", "{2022D1F6-4EF5-4F09-AF60-6915FE4298C8}"
EndProject
Project("{FAE04EC0-301F-11D3-BF4B-00C04F79EFBC}") = "TransportSolution.Server", "TransportSolution\TransportSolution.Server\TransportSolution.Server.csproj", "{5CE98FF5-A82A-42C7-B21B-4C4891A70FE7}"
EndProject
Project("{54A90642-561A-4BB1-A94E-469ADEE60C69}") = "transportsolution.client", "TransportSolution\transportsolution.client\transportsolution.client.esproj", "{4D058FEF-C641-4600-8D4F-F8F1C982D355}"
EndProject
Global
	GlobalSection(SolutionConfigurationPlatforms) = preSolution
		Debug|Any CPU = Debug|Any CPU
		Release|Any CPU = Release|Any CPU
	EndGlobalSection
	GlobalSection(ProjectConfigurationPlatforms) = postSolution
		{EEF85A3D-287D-4900-8AF9-50EAE5051843}.Debug|Any CPU.ActiveCfg = Debug|Any CPU
		{EEF85A3D-287D-4900-8AF9-50EAE5051843}.Debug|Any CPU.Build.0 = Debug|Any CPU
		{EEF85A3D-287D-4900-8AF9-50EAE5051843}.Release|Any CPU.ActiveCfg = Release|Any CPU
		{EEF85A3D-287D-4900-8AF9-50EAE5051843}.Release|Any CPU.Build.0 = Release|Any CPU
		{3F01615A-9011-4BC9-A55D-9F1A229B3421}.Debug|Any CPU.ActiveCfg = Debug|Any CPU
		{3F01615A-9011-4BC9-A55D-9F1A229B3421}.Debug|Any CPU.Build.0 = Debug|Any CPU
		{3F01615A-9011-4BC9-A55D-9F1A229B3421}.Release|Any CPU.ActiveCfg = Release|Any CPU
		{3F01615A-9011-4BC9-A55D-9F1A229B3421}.Release|Any CPU.Build.0 = Release|Any CPU
		{2022D1F6-4EF5-4F09-AF60-6915FE4298C8}.Debug|Any CPU.ActiveCfg = Debug|Any CPU
		{2022D1F6-4EF5-4F09-AF60-6915FE4298C8}.Debug|Any CPU.Build.0 = Debug|Any CPU
		{2022D1F6-4EF5-4F09-AF60-6915FE4298C8}.Release|Any CPU.ActiveCfg = Release|Any CPU
		{2022D1F6-4EF5-4F09-AF60-6915FE4298C8}.Release|Any CPU.Build.0 = Release|Any CPU
		{5CE98FF5-A82A-42C7-B21B-4C4891A70FE7}.Debug|Any CPU.ActiveCfg = Debug|Any CPU
		{5CE98FF5-A82A-42C7-B21B-4C4891A70FE7}.Debug|Any CPU.Build.0 = Debug|Any CPU
		{5CE98FF5-A82A-42C7-B21B-4C4891A70FE7}.Release|Any CPU.ActiveCfg = Release|Any CPU
		{5CE98FF5-A82A-42C7-B21B-4C4891A70FE7}.Release|Any CPU.Build.0 = Release|Any CPU
		{4D058FEF-C641-4600-8D4F-F8F1C982D355}.Debug|Any CPU.ActiveCfg = Debug|Any CPU
		{4D058FEF-C641-4600-8D4F-F8F1C982D355}.Debug|Any CPU.Build.0 = Debug|Any CPU
		{4D058FEF-C641-4600-8D4F-F8F1C982D355}.Debug|Any CPU.Deploy.0 = Debug|Any CPU
		{4D058FEF-C641-4600-8D4F-F8F1C982D355}.Release|Any CPU.ActiveCfg = Release|Any CPU
		{4D058FEF-C641-4600-8D4F-F8F1C982D355}.Release|Any CPU.Build.0 = Release|Any CPU
		{4D058FEF-C641-4600-8D4F-F8F1C982D355}.Release|Any CPU.Deploy.0 = Release|Any CPU
	EndGlobalSection
	GlobalSection(SolutionProperties) = preSolution
		HideSolutionNode = FALSE
	EndGlobalSection
	GlobalSection(ExtensibilityGlobals) = postSolution
		SolutionGuid = {682165CB-0EB1-4E36-A2E7-335C9C47F719}
	EndGlobalSection
EndGlobal
